github.com/gorilla/securecookie v1.1.1 h1:miw7JPhV+b/lAHSXz4qd/nN9jRiAFV5FwjeKyCS8BvQ=
github.com/gorilla/securecookie v1.1.1/go.mod h1:ra0sb63/xPlUeL+yeDciTfxMRAA+MP+HVt/4epWDjd4=
github.com/gorilla/sessions v1.2.1 h1:DHd3rPN5lE3Ts3D8rKkQ8x/0kqfeNmBAaiSi+o7FsgI=
github.com/gorilla/sessions v1.2.1/go.mod h1:dk2InVEVJ0sfLlnXv9EAgkf6ecYs/i80K/zI+bUmuGM=
github.com/hidekuno/go-scheme/scheme v0.0.0-20210325085929-bc906ad70210 h1:OaqhJTYD7x50OiOuLBXh2ROZc7178wrk2+JCvplulBw=
github.com/hidekuno/go-scheme/scheme v0.0.0-20210325085929-bc906ad70210/go.mod h1:SiKk1hfVljelBIkm1qqjSFRgwscYU2FPymQSY2wi7vs=
golang.org/x/net v0.0.0-20210324205630-d1beb07c2056 h1:sANdAef76Ioam9aQUUdcAqricwY/WUaMc4+7LY4eGg8=
golang.org/x/net v0.0.0-20210324205630-d1beb07c2056/go.mod h1:uSPa2vr4CLtc/ILN5odXGNXS6mhrKVzTaCXzk9m6W3k=
golang.org/x/sys v0.0.0-20201119102817-f84b799fce68/go.mod h1:h1NjWce9XRLGQEsW7wpKNCjG9DtNlClVuFLEZdDNbEs=
golang.org/x/sys v0.0.0-20210324051608-47abb6519492/go.mod h1:h1NjWce9XRLGQEsW7wpKNCjG9DtNlClVuFLEZdDNbEs=
golang.org/x/term v0.0.0-20201126162022-7de9c90e9dd1/go.mod h1:bj7SfCRtBDWHUb9snDiAeCFNEtKQo2Wmx5Cou7ajbmo=
golang.org/x/text v0.3.3/go.mod h1:5Zoc/QRtKVWzQhOtBMvqHzDpF6irO9z98xDceosuGiQ=
golang.org/x/tools v0.0.0-20180917221912-90fa682c2a6e/go.mod h1:n7NCudcB/nEzxVGmLbDWY5pfWTLqBcC2KZ6jyYvM4mQ=
